// !$*UTF8*$!
{
	archiveVersion = 1;
	classes = {
	};
	objectVersion = 77;
	objects = {

/* Begin PBXContainerItemProxy section */
		5AF37BBC2F5F8B5E00FB4248 /* PBXContainerItemProxy */ = {
			isa = PBXContainerItemProxy;
			containerPortal = 5AF37BA42F5F8B5D00FB4248 /* Project object */;
			proxyType = 1;
			remoteGlobalIDString = 5AF37BAB2F5F8B5D00FB4248;
			remoteInfo = WaveList;
		};
		5AF37BC62F5F8B5E00FB4248 /* PBXContainerItemProxy */ = {
			isa = PBXContainerItemProxy;
			containerPortal = 5AF37BA42F5F8B5D00FB4248 /* Project object */;
			proxyType = 1;
			remoteGlobalIDString = 5AF37BAB2F5F8B5D00FB4248;
			remoteInfo = WaveList;
		};
/* End PBXContainerItemProxy section */

/* Begin PBXFileReference section */
		F01998152F5FC772007BDBB1 /* WaveList.app */ = {isa = PBXFileReference; explicitFileType = wrapper.application; includeInIndex = 0; path = WaveList.app; sourceTree = BUILT_PRODUCTS_DIR; };
		F01998162F5FC772007BDBB1 /* WaveListTests.xctest */ = {isa = PBXFileReference; explicitFileType = wrapper.cfbundle; includeInIndex = 0; path = WaveListTests.xctest; sourceTree = BUILT_PRODUCTS_DIR; };
		F01998172F5FC772007BDBB1 /* WaveListUITests.xctest */ = {isa = PBXFileReference; explicitFileType = wrapper.cfbundle; includeInIndex = 0; path = WaveListUITests.xctest; sourceTree = BUILT_PRODUCTS_DIR; };
/* End PBXFileReference section */

/* Begin PBXFileSystemSynchronizedRootGroup section */
		5AF37BAE2F5F8B5D00FB4248 /* WaveList */ = {
			isa = PBXFileSystemSynchronizedRootGroup;
			path = WaveList;
			sourceTree = "<group>";
		};
		5AF37BBE2F5F8B5E00FB4248 /* WaveListTests */ = {
			isa = PBXFileSystemSynchronizedRootGroup;
			path = WaveListTests;
			sourceTree = "<group>";
		};
		5AF37BC82F5F8B5E00FB4248 /* WaveListUITests */ = {
			isa = PBXFileSystemSynchronizedRootGroup;
			path = WaveListUITests;
			sourceTree = "<group>";
		};
		5AF37BDC2F5F8C1B00FB4248 /* Views */ = {
			isa = PBXFileSystemSynchronizedRootGroup;
			path = Views;
			sourceTree = "<group>";
		};
		5AF37BDE2F5F8C4D00FB4248 /* Networking */ = {
			isa = PBXFileSystemSynchronizedRootGroup;
			path = Networking;
			sourceTree = "<group>";
		};
		5AF37BE32F5F8CBC00FB4248 /* ViewModels */ = {
			isa = PBXFileSystemSynchronizedRootGroup;
			path = ViewModels;
			sourceTree = "<group>";
		};
/* End PBXFileSystemSynchronizedRootGroup section */

/* Begin PBXFrameworksBuildPhase section */
		5AF37BA92F5F8B5D00FB4248 /* Frameworks */ = {
			isa = PBXFrameworksBuildPhase;
			buildActionMask = 2147483647;
			files = (
			);
			runOnlyForDeploymentPostprocessing = 0;
		};
		5AF37BB82F5F8B5E00FB4248 /* Frameworks */ = {
			isa = PBXFrameworksBuildPhase;
			buildActionMask = 2147483647;
			files = (
			);
			runOnlyForDeploymentPostprocessing = 0;
		};
		5AF37BC22F5F8B5E00FB4248 /* Frameworks */ = {
			isa = PBXFrameworksBuildPhase;
			buildActionMask = 2147483647;
			files = (
			);
			runOnlyForDeploymentPostprocessing = 0;
		};
/* End PBXFrameworksBuildPhase section */

/* Begin PBXGroup section */
		5AF37BA32F5F8B5D00FB4248 = {
			isa = PBXGroup;
			children = (
				5AF37BAE2F5F8B5D00FB4248 /* WaveList */,
				5AF37BBE2F5F8B5E00FB4248 /* WaveListTests */,
				5AF37BC82F5F8B5E00FB4248 /* WaveListUITests */,
				5AF37BDC2F5F8C1B00FB4248 /* Views */,
				5AF37BDE2F5F8C4D00FB4248 /* Networking */,
				5AF37BE32F5F8CBC00FB4248 /* ViewModels */,
				F01998152F5FC772007BDBB1 /* WaveList.app */,
				F01998162F5FC772007BDBB1 /* WaveListTests.xctest */,
				F01998172F5FC772007BDBB1 /* WaveListUITests.xctest */,
			);
			sourceTree = "<group>";
		};
/* End PBXGroup section */

/* Begin PBXNativeTarget section */
		5AF37BAB2F5F8B5D00FB4248 /* WaveList */ = {
			isa = PBXNativeTarget;
			buildConfigurationList = 5AF37BCF2F5F8B5E00FB4248 /* Build configuration list for PBXNativeTarget "WaveList" */;
			buildPhases = (
				5AF37BA82F5F8B5D00FB4248 /* Sources */,
				5AF37BA92F5F8B5D00FB4248 /* Frameworks */,
				5AF37BAA2F5F8B5D00FB4248 /* Resources */,
			);
			buildRules = (
			);
			dependencies = (
			);
			fileSystemSynchronizedGroups = (
				5AF37BAE2F5F8B5D00FB4248 /* WaveList */,
				5AF37BDC2F5F8C1B00FB4248 /* Views */,
				5AF37BDE2F5F8C4D00FB4248 /* Networking */,
				5AF37BE32F5F8CBC00FB4248 /* ViewModels */,
			);
			name = WaveList;
			packageProductDependencies = (
			);
			productName = WaveList;
			productReference = F01998152F5FC772007BDBB1 /* WaveList.app */;
			productType = "com.apple.product-type.application";
		};
		5AF37BBA2F5F8B5E00FB4248 /* WaveListTests */ = {
			isa = PBXNativeTarget;
			buildConfigurationList = 5AF37BD22F5F8B5E00FB4248 /* Build configuration list for PBXNativeTarget "WaveListTests" */;
			buildPhases = (
				5AF37BB72F5F8B5E00FB4248 /* Sources */,
				5AF37BB82F5F8B5E00FB4248 /* Frameworks */,
				5AF37BB92F5F8B5E00FB4248 /* Resources */,
			);
			buildRules = (
			);
			dependencies = (
				5AF37BBD2F5F8B5E00FB4248 /* PBXTargetDependency */,
			);
			fileSystemSynchronizedGroups = (
				5AF37BBE2F5F8B5E00FB4248 /* WaveListTests */,
			);
			name = WaveListTests;
			packageProductDependencies = (
			);
			productName = WaveListTests;
			productReference = F01998162F5FC772007BDBB1 /* WaveListTests.xctest */;
			productType = "com.apple.product-type.bundle.unit-test";
		};
		5AF37BC42F5F8B5E00FB4248 /* WaveListUITests */ = {
			isa = PBXNativeTarget;
			buildConfigurationList = 5AF37BD52F5F8B5E00FB4248 /* Build configuration list for PBXNativeTarget "WaveListUITests" */;
			buildPhases = (
				5AF37BC12F5F8B5E00FB4248 /* Sources */,
				5AF37BC22F5F8B5E00FB4248 /* Frameworks */,
				5AF37BC32F5F8B5E00FB4248 /* Resources */,
			);
			buildRules = (
			);
			dependencies = (
				5AF37BC72F5F8B5E00FB4248 /* PBXTargetDependency */,
			);
			fileSystemSynchronizedGroups = (
				5AF37BC82F5F8B5E00FB4248 /* WaveListUITests */,
			);
			name = WaveListUITests;
			packageProductDependencies = (
			);
			productName = WaveListUITests;
			productReference = F01998172F5FC772007BDBB1 /* WaveListUITests.xctest */;
			productType = "com.apple.product-type.bundle.ui-testing";
		};
/* End PBXNativeTarget section */

/* Begin PBXProject section */
		5AF37BA42F5F8B5D00FB4248 /* Project object */ = {
			isa = PBXProject;
			attributes = {
				BuildIndependentTargetsInParallel = 1;
				LastSwiftUpdateCheck = 2620;
				LastUpgradeCheck = 2620;
				TargetAttributes = {
					5AF37BAB2F5F8B5D00FB4248 = {
						CreatedOnToolsVersion = 26.2;
					};
					5AF37BBA2F5F8B5E00FB4248 = {
						CreatedOnToolsVersion = 26.2;
						TestTargetID = 5AF37BAB2F5F8B5D00FB4248;
					};
					5AF37BC42F5F8B5E00FB4248 = {
						CreatedOnToolsVersion = 26.2;
						TestTargetID = 5AF37BAB2F5F8B5D00FB4248;
					};
				};
			};
			buildConfigurationList = 5AF37BA72F5F8B5D00FB4248 /* Build configuration list for PBXProject "WaveList" */;
			developmentRegion = en;
			hasScannedForEncodings = 0;
			knownRegions = (
				en,
				Base,
			);
			mainGroup = 5AF37BA32F5F8B5D00FB4248;
			minimizedProjectReferenceProxies = 1;
			preferredProjectObjectVersion = 77;
			productRefGroup = 5AF37BA32F5F8B5D00FB4248;
			projectDirPath = "";
			projectRoot = "";
			targets = (
				5AF37BAB2F5F8B5D00FB4248 /* WaveList */,
				5AF37BBA2F5F8B5E00FB4248 /* WaveListTests */,
				5AF37BC42F5F8B5E00FB4248 /* WaveListUITests */,
			);
		};
/* End PBXProject section */

/* Begin PBXResourcesBuildPhase section */
		5AF37BAA2F5F8B5D00FB4248 /* Resources */ = {
			isa = PBXResourcesBuildPhase;
			buildActionMask = 2147483647;
			files = (
			);
			runOnlyForDeploymentPostprocessing = 0;
		};
		5AF37BB92F5F8B5E00FB4248 /* Resources */ = {
			isa = PBXResourcesBuildPhase;
			buildActionMask = 2147483647;
			files = (
			);
			runOnlyForDeploymentPostprocessing = 0;
		};
		5AF37BC32F5F8B5E00FB4248 /* Resources */ = {
			isa = PBXResourcesBuildPhase;
			buildActionMask = 2147483647;
			files = (
			);
			runOnlyForDeploymentPostprocessing = 0;
		};
/* End PBXResourcesBuildPhase section */

/* Begin PBXSourcesBuildPhase section */
		5AF37BA82F5F8B5D00FB4248 /* Sources */ = {
			isa = PBXSourcesBuildPhase;
			buildActionMask = 2147483647;
			files = (
			);
			runOnlyForDeploymentPostprocessing = 0;
		};
		5AF37BB72F5F8B5E00FB4248 /* Sources */ = {
			isa = PBXSourcesBuildPhase;
			buildActionMask = 2147483647;
			files = (
			);
			runOnlyForDeploymentPostprocessing = 0;
		};
		5AF37BC12F5F8B5E00FB4248 /* Sources */ = {
			isa = PBXSourcesBuildPhase;
			buildActionMask = 2147483647;
			files = (
			);
			runOnlyForDeploymentPostprocessing = 0;
		};
/* End PBXSourcesBuildPhase section */

/* Begin PBXTargetDependency section */
		5AF37BBD2F5F8B5E00FB4248 /* PBXTargetDependency */ = {
			isa = PBXTargetDependency;
			target = 5AF37BAB2F5F8B5D00FB4248 /* WaveList */;
			targetProxy = 5AF37BBC2F5F8B5E00FB4248 /* PBXContainerItemProxy */;
		};
		5AF37BC72F5F8B5E00FB4248 /* PBXTargetDependency */ = {
			isa = PBXTargetDependency;
			target = 5AF37BAB2F5F8B5D00FB4248 /* WaveList */;
			targetProxy = 5AF37BC62F5F8B5E00FB4248 /* PBXContainerItemProxy */;
		};
/* End PBXTargetDependency section */

/* Begin XCBuildConfiguration section */
		5AF37BCD2F5F8B5E00FB4248 /* Debug */ = {
			isa = XCBuildConfiguration;
			buildSettings = {
				ALWAYS_SEARCH_USER_PATHS = NO;
				ASSETCATALOG_COMPILER_GENERATE_SWIFT_ASSET_SYMBOL_EXTENSIONS = YES;
				CLANG_ANALYZER_NONNULL = YES;
				CLANG_ANALYZER_NUMBER_OBJECT_CONVERSION = YES_AGGRESSIVE;
				CLANG_CXX_LANGUAGE_STANDARD = "gnu++20";
				CLANG_ENABLE_MODULES = YES;
				CLANG_ENABLE_OBJC_ARC = YES;
				CLANG_ENABLE_OBJC_WEAK = YES;
				CLANG_WARN_BLOCK_CAPTURE_AUTORELEASING = YES;
				CLANG_WARN_BOOL_CONVERSION = YES;
				CLANG_WARN_COMMA = YES;
				CLANG_WARN_CONSTANT_CONVERSION = YES;
				CLANG_WARN_DEPRECATED_OBJC_IMPLEMENTATIONS = YES;
				CLANG_WARN_DIRECT_OBJC_ISA_USAGE = YES_ERROR;
				CLANG_WARN_DOCUMENTATION_COMMENTS = YES;
				CLANG_WARN_EMPTY_BODY = YES;
				CLANG_WARN_ENUM_CONVERSION = YES;
				CLANG_WARN_INFINITE_RECURSION = YES;
				CLANG_WARN_INT_CONVERSION = YES;
				CLANG_WARN_NON_LITERAL_NULL_CONVERSION = YES;
				CLANG_WARN_OBJC_IMPLICIT_RETAIN_SELF = YES;
				CLANG_WARN_OBJC_LITERAL_CONVERSION = YES;
				CLANG_WARN_OBJC_ROOT_CLASS = YES_ERROR;
				CLANG_WARN_QUOTED_INCLUDE_IN_FRAMEWORK_HEADER = YES;
				CLANG_WARN_RANGE_LOOP_ANALYSIS = YES;
				CLANG_WARN_STRICT_PROTOTYPES = YES;
				CLANG_WARN_SUSPICIOUS_MOVE = YES;
				CLANG_WARN_UNGUARDED_AVAILABILITY = YES_AGGRESSIVE;
				CLANG_WARN_UNREACHABLE_CODE = YES;
				CLANG_WARN__DUPLICATE_METHOD_MATCH = YES;
				COPY_PHASE_STRIP = NO;
				DEBUG_INFORMATION_FORMAT = dwarf;
				ENABLE_STRICT_OBJC_MSGSEND = YES;
				ENABLE_TESTABILITY = YES;
				ENABLE_USER_SCRIPT_SANDBOXING = YES;
				GCC_C_LANGUAGE_STANDARD = gnu17;
				GCC_DYNAMIC_NO_PIC = NO;
				GCC_NO_COMMON_BLOCKS = YES;
				GCC_OPTIMIZATION_LEVEL = 0;
				GCC_PREPROCESSOR_DEFINITIONS = (
					"DEBUG=1",
					"$(inherited)",
				);
				GCC_WARN_64_TO_32_BIT_CONVERSION = YES;
				GCC_WARN_ABOUT_RETURN_TYPE = YES_ERROR;
				GCC_WARN_UNDECLARED_SELECTOR = YES;
				GCC_WARN_UNINITIALIZED_AUTOS = YES_AGGRESSIVE;
				GCC_WARN_UNUSED_FUNCTION = YES;
				GCC_WARN_UNUSED_VARIABLE = YES;
				IPHONEOS_DEPLOYMENT_TARGET = 26.2;
				LOCALIZATION_PREFERS_STRING_CATALOGS = YES;
				MTL_ENABLE_DEBUG_INFO = INCLUDE_SOURCE;
				MTL_FAST_MATH = YES;
				ONLY_ACTIVE_ARCH = YES;
				SDKROOT = iphoneos;
				SWIFT_ACTIVE_COMPILATION_CONDITIONS = "DEBUG $(inherited)";
				SWIFT_OPTIMIZATION_LEVEL = "-Onone";
			};
			name = Debug;
		};
		5AF37BCE2F5F8B5E00FB4248 /* Release */ = {
			isa = XCBuildConfiguration;
			buildSettings = {
				ALWAYS_SEARCH_USER_PATHS = NO;
				ASSETCATALOG_COMPILER_GENERATE_SWIFT_ASSET_SYMBOL_EXTENSIONS = YES;
				CLANG_ANALYZER_NONNULL = YES;
				CLANG_ANALYZER_NUMBER_OBJECT_CONVERSION = YES_AGGRESSIVE;
				CLANG_CXX_LANGUAGE_STANDARD = "gnu++20";
				CLANG_ENABLE_MODULES = YES;
				CLANG_ENABLE_OBJC_ARC = YES;
				CLANG_ENABLE_OBJC_WEAK = YES;
				CLANG_WARN_BLOCK_CAPTURE_AUTORELEASING = YES;
				CLANG_WARN_BOOL_CONVERSION = YES;
				CLANG_WARN_COMMA = YES;
				CLANG_WARN_CONSTANT_CONVERSION = YES;
				CLANG_WARN_DEPRECATED_OBJC_IMPLEMENTATIONS = YES;
				CLANG_WARN_DIRECT_OBJC_ISA_USAGE = YES_ERROR;
				CLANG_WARN_DOCUMENTATION_COMMENTS = YES;
				CLANG_WARN_EMPTY_BODY = YES;
				CLANG_WARN_ENUM_CONVERSION = YES;
				CLANG_WARN_INFINITE_RECURSION = YES;
				CLANG_WARN_INT_CONVERSION = YES;
				CLANG_WARN_NON_LITERAL_NULL_CONVERSION = YES;
				CLANG_WARN_OBJC_IMPLICIT_RETAIN_SELF = YES;
				CLANG_WARN_OBJC_LITERAL_CONVERSION = YES;
				CLANG_WARN_OBJC_ROOT_CLASS = YES_ERROR;
				CLANG_WARN_QUOTED_INCLUDE_IN_FRAMEWORK_HEADER = YES;
				CLANG_WARN_RANGE_LOOP_ANALYSIS = YES;
				CLANG_WARN_STRICT_PROTOTYPES = YES;
				CLANG_WARN_SUSPICIOUS_MOVE = YES;
				CLANG_WARN_UNGUARDED_AVAILABILITY = YES_AGGRESSIVE;
				CLANG_WARN_UNREACHABLE_CODE = YES;
				CLANG_WARN__DUPLICATE_METHOD_MATCH = YES;
				COPY_PHASE_STRIP = NO;
				DEBUG_INFORMATION_FORMAT = "dwarf-with-dsym";
				ENABLE_NS_ASSERTIONS = NO;
				ENABLE_STRICT_OBJC_MSGSEND = YES;
				ENABLE_USER_SCRIPT_SANDBOXING = YES;
				GCC_C_LANGUAGE_STANDARD = gnu17;
				GCC_NO_COMMON_BLOCKS = YES;
				GCC_WARN_64_TO_32_BIT_CONVERSION = YES;
				GCC_WARN_ABOUT_RETURN_TYPE = YES_ERROR;
				GCC_WARN_UNDECLARED_SELECTOR = YES;
				GCC_WARN_UNINITIALIZED_AUTOS = YES_AGGRESSIVE;
				GCC_WARN_UNUSED_FUNCTION = YES;
				GCC_WARN_UNUSED_VARIABLE = YES;
				IPHONEOS_DEPLOYMENT_TARGET = 26.2;
				LOCALIZATION_PREFERS_STRING_CATALOGS = YES;
				MTL_ENABLE_DEBUG_INFO = NO;
				MTL_FAST_MATH = YES;
				SDKROOT = iphoneos;
				SWIFT_COMPILATION_MODE = wholemodule;
				VALIDATE_PRODUCT = YES;
			};
			name = Release;
		};
		5AF37BD02F5F8B5E00FB4248 /* Debug */ = {
			isa = XCBuildConfiguration;
			buildSettings = {
				ASSETCATALOG_COMPILER_APPICON_NAME = AppIcon;
				ASSETCATALOG_COMPILER_GLOBAL_ACCENT_COLOR_NAME = AccentColor;
				CODE_SIGN_STYLE = Automatic;
				CURRENT_PROJECT_VERSION = 1;
				ENABLE_PREVIEWS = YES;
				GENERATE_INFOPLIST_FILE = YES;
				INFOPLIST_KEY_UIApplicationSceneManifest_Generation = YES;
				INFOPLIST_KEY_UIApplicationSupportsIndirectInputEvents = YES;
				INFOPLIST_KEY_UILaunchScreen_Generation = YES;
				INFOPLIST_KEY_UISupportedInterfaceOrientations_iPad = "UIInterfaceOrientationPortrait UIInterfaceOrientationPortraitUpsideDown UIInterfaceOrientationLandscapeLeft UIInterfaceOrientationLandscapeRight";
				INFOPLIST_KEY_UISupportedInterfaceOrientations_iPhone = "UIInterfaceOrientationPortrait UIInterfaceOrientationLandscapeLeft UIInterfaceOrientationLandscapeRight";
				LD_RUNPATH_SEARCH_PATHS = (
					"$(inherited)",
					"@executable_path/Frameworks",
				);
				MARKETING_VERSION = 1.0;
				PRODUCT_BUNDLE_IDENTIFIER = M.WaveList;
				PRODUCT_NAME = "$(TARGET_NAME)";
				STRING_CATALOG_GENERATE_SYMBOLS = YES;
				SWIFT_APPROACHABLE_CONCURRENCY = YES;
				SWIFT_DEFAULT_ACTOR_ISOLATION = MainActor;
				SWIFT_EMIT_LOC_STRINGS = YES;
				SWIFT_UPCOMING_FEATURE_MEMBER_IMPORT_VISIBILITY = YES;
				SWIFT_VERSION = 5.0;
				TARGETED_DEVICE_FAMILY = "1,2";
			};
			name = Debug;
		};
		5AF37BD12F5F8B5E00FB4248 /* Release */ = {
			isa = XCBuildConfiguration;
			buildSettings = {
				ASSETCATALOG_COMPILER_APPICON_NAME = AppIcon;
				ASSETCATALOG_COMPILER_GLOBAL_ACCENT_COLOR_NAME = AccentColor;
				CODE_SIGN_STYLE = Automatic;
				CURRENT_PROJECT_VERSION = 1;
				ENABLE_PREVIEWS = YES;
				GENERATE_INFOPLIST_FILE = YES;
				INFOPLIST_KEY_UIApplicationSceneManifest_Generation = YES;
				INFOPLIST_KEY_UIApplicationSupportsIndirectInputEvents = YES;
				INFOPLIST_KEY_UILaunchScreen_Generation = YES;
				INFOPLIST_KEY_UISupportedInterfaceOrientations_iPad = "UIInterfaceOrientationPortrait UIInterfaceOrientationPortraitUpsideDown UIInterfaceOrientationLandscapeLeft UIInterfaceOrientationLandscapeRight";
				INFOPLIST_KEY_UISupportedInterfaceOrientations_iPhone = "UIInterfaceOrientationPortrait UIInterfaceOrientationLandscapeLeft UIInterfaceOrientationLandscapeRight";
				LD_RUNPATH_SEARCH_PATHS = (
					"$(inherited)",
					"@executable_path/Frameworks",
				);
				MARKETING_VERSION = 1.0;
				PRODUCT_BUNDLE_IDENTIFIER = M.WaveList;
				PRODUCT_NAME = "$(TARGET_NAME)";
				STRING_CATALOG_GENERATE_SYMBOLS = YES;
				SWIFT_APPROACHABLE_CONCURRENCY = YES;
				SWIFT_DEFAULT_ACTOR_ISOLATION = MainActor;
				SWIFT_EMIT_LOC_STRINGS = YES;
				SWIFT_UPCOMING_FEATURE_MEMBER_IMPORT_VISIBILITY = YES;
				SWIFT_VERSION = 5.0;
				TARGETED_DEVICE_FAMILY = "1,2";
			};
			name = Release;
		};
		5AF37BD32F5F8B5E00FB4248 /* Debug */ = {
			isa = XCBuildConfiguration;
			buildSettings = {
				BUNDLE_LOADER = "$(TEST_HOST)";
				CODE_SIGN_STYLE = Automatic;
				CURRENT_PROJECT_VERSION = 1;
				GENERATE_INFOPLIST_FILE = YES;
				IPHONEOS_DEPLOYMENT_TARGET = 26.2;
				MARKETING_VERSION = 1.0;
				PRODUCT_BUNDLE_IDENTIFIER = M.WaveListTests;
				PRODUCT_NAME = "$(TARGET_NAME)";
				STRING_CATALOG_GENERATE_SYMBOLS = NO;
				SWIFT_APPROACHABLE_CONCURRENCY = YES;
				SWIFT_EMIT_LOC_STRINGS = NO;
				SWIFT_UPCOMING_FEATURE_MEMBER_IMPORT_VISIBILITY = YES;
				SWIFT_VERSION = 5.0;
				TARGETED_DEVICE_FAMILY = "1,2";
				TEST_HOST = "$(BUILT_PRODUCTS_DIR)/WaveList.app/$(BUNDLE_EXECUTABLE_FOLDER_PATH)/WaveList";
			};
			name = Debug;
		};
		5AF37BD42F5F8B5E00FB4248 /* Release */ = {
			isa = XCBuildConfiguration;
			buildSettings = {
				BUNDLE_LOADER = "$(TEST_HOST)";
				CODE_SIGN_STYLE = Automatic;
				CURRENT_PROJECT_VERSION = 1;
				GENERATE_INFOPLIST_FILE = YES;
				IPHONEOS_DEPLOYMENT_TARGET = 26.2;
				MARKETING_VERSION = 1.0;
				PRODUCT_BUNDLE_IDENTIFIER = M.WaveListTests;
				PRODUCT_NAME = "$(TARGET_NAME)";
				STRING_CATALOG_GENERATE_SYMBOLS = NO;
				SWIFT_APPROACHABLE_CONCURRENCY = YES;
				SWIFT_EMIT_LOC_STRINGS = NO;
				SWIFT_UPCOMING_FEATURE_MEMBER_IMPORT_VISIBILITY = YES;
				SWIFT_VERSION = 5.0;
				TARGETED_DEVICE_FAMILY = "1,2";
				TEST_HOST = "$(BUILT_PRODUCTS_DIR)/WaveList.app/$(BUNDLE_EXECUTABLE_FOLDER_PATH)/WaveList";
			};
			name = Release;
		};
		5AF37BD62F5F8B5E00FB4248 /* Debug */ = {
			isa = XCBuildConfiguration;
			buildSettings = {
				CODE_SIGN_STYLE = Automatic;
				CURRENT_PROJECT_VERSION = 1;
				GENERATE_INFOPLIST_FILE = YES;
				MARKETING_VERSION = 1.0;
				PRODUCT_BUNDLE_IDENTIFIER = M.WaveListUITests;
				PRODUCT_NAME = "$(TARGET_NAME)";
				STRING_CATALOG_GENERATE_SYMBOLS = NO;
				SWIFT_APPROACHABLE_CONCURRENCY = YES;
				SWIFT_EMIT_LOC_STRINGS = NO;
				SWIFT_UPCOMING_FEATURE_MEMBER_IMPORT_VISIBILITY = YES;
				SWIFT_VERSION = 5.0;
				TARGETED_DEVICE_FAMILY = "1,2";
				TEST_TARGET_NAME = WaveList;
			};
			name = Debug;
		};
		5AF37BD72F5F8B5E00FB4248 /* Release */ = {
			isa = XCBuildConfiguration;
			buildSettings = {
				CODE_SIGN_STYLE = Automatic;
				CURRENT_PROJECT_VERSION = 1;
				GENERATE_INFOPLIST_FILE = YES;
				MARKETING_VERSION = 1.0;
				PRODUCT_BUNDLE_IDENTIFIER = M.WaveListUITests;
				PRODUCT_NAME = "$(TARGET_NAME)";
				STRING_CATALOG_GENERATE_SYMBOLS = NO;
				SWIFT_APPROACHABLE_CONCURRENCY = YES;
				SWIFT_EMIT_LOC_STRINGS = NO;
				SWIFT_UPCOMING_FEATURE_MEMBER_IMPORT_VISIBILITY = YES;
				SWIFT_VERSION = 5.0;
				TARGETED_DEVICE_FAMILY = "1,2";
				TEST_TARGET_NAME = WaveList;
			};
			name = Release;
		};
/* End XCBuildConfiguration section */

/* Begin XCConfigurationList section */
		5AF37BA72F5F8B5D00FB4248 /* Build configuration list for PBXProject "WaveList" */ = {
			isa = XCConfigurationList;
			buildConfigurations = (
				5AF37BCD2F5F8B5E00FB4248 /* Debug */,
				5AF37BCE2F5F8B5E00FB4248 /* Release */,
			);
			defaultConfigurationIsVisible = 0;
			defaultConfigurationName = Release;
		};
		5AF37BCF2F5F8B5E00FB4248 /* Build configuration list for PBXNativeTarget "WaveList" */ = {
			isa = XCConfigurationList;
			buildConfigurations = (
				5AF37BD02F5F8B5E00FB4248 /* Debug */,
				5AF37BD12F5F8B5E00FB4248 /* Release */,
			);
			defaultConfigurationIsVisible = 0;
			defaultConfigurationName = Release;
		};
		5AF37BD22F5F8B5E00FB4248 /* Build configuration list for PBXNativeTarget "WaveListTests" */ = {
			isa = XCConfigurationList;
			buildConfigurations = (
				5AF37BD32F5F8B5E00FB4248 /* Debug */,
				5AF37BD42F5F8B5E00FB4248 /* Release */,
			);
			defaultConfigurationIsVisible = 0;
			defaultConfigurationName = Release;
		};
		5AF37BD52F5F8B5E00FB4248 /* Build configuration list for PBXNativeTarget "WaveListUITests" */ = {
			isa = XCConfigurationList;
			buildConfigurations = (
				5AF37BD62F5F8B5E00FB4248 /* Debug */,
				5AF37BD72F5F8B5E00FB4248 /* Release */,
			);
			defaultConfigurationIsVisible = 0;
			defaultConfigurationName = Release;
		};
/* End XCConfigurationList section */
	};
	rootObject = 5AF37BA42F5F8B5D00FB4248 /* Project object */;
}
